
Microsoft Visual Studio Solution File, Format Version 12.00
# Visual Studio Version 16
VisualStudioVersion = 16.0.30503.244
MinimumVisualStudioVersion = 10.0.40219.1
Project("{FAE04EC0-301F-11D3-BF4B-00C04F79EFBC}") = "FongPizzaPlace.Server", "FongPizzaPlace\Server\FongPizzaPlace.Server.csproj", "{9F9E3D85-31EF-4814-9BA0-60B1F038CB49}"
EndProject
Project("{FAE04EC0-301F-11D3-BF4B-00C04F79EFBC}") = "FongPizzaPlace.Client", "FongPizzaPlace\Client\FongPizzaPlace.Client.csproj", "{34301095-251C-4EDA-BE9F-BC048C926980}"
EndProject
Project("{FAE04EC0-301F-11D3-BF4B-00C04F79EFBC}") = "FongPizzaPlace.Shared", "FongPizzaPlace\Shared\FongPizzaPlace.Shared.csproj", "{A90F5387-2D57-434B-A8EE-615B15340880}"
EndProject
Global
	GlobalSection(SolutionConfigurationPlatforms) = preSolution
		Debug|Any CPU = Debug|Any CPU
		Release|Any CPU = Release|Any CPU
	EndGlobalSection
	GlobalSection(ProjectConfigurationPlatforms) = postSolution
		{9F9E3D85-31EF-4814-9BA0-60B1F038CB49}.Debug|Any CPU.ActiveCfg = Debug|Any CPU
		{9F9E3D85-31EF-4814-9BA0-60B1F038CB49}.Debug|Any CPU.Build.0 = Debug|Any CPU
		{9F9E3D85-31EF-4814-9BA0-60B1F038CB49}.Release|Any CPU.ActiveCfg = Release|Any CPU
		{9F9E3D85-31EF-4814-9BA0-60B1F038CB49}.Release|Any CPU.Build.0 = Release|Any CPU
		{34301095-251C-4EDA-BE9F-BC048C926980}.Debug|Any CPU.ActiveCfg = Debug|Any CPU
		{34301095-251C-4EDA-BE9F-BC048C926980}.Debug|Any CPU.Build.0 = Debug|Any CPU
		{34301095-251C-4EDA-BE9F-BC048C926980}.Release|Any CPU.ActiveCfg = Release|Any CPU
		{34301095-251C-4EDA-BE9F-BC048C926980}.Release|Any CPU.Build.0 = Release|Any CPU
		{A90F5387-2D57-434B-A8EE-615B15340880}.Debug|Any CPU.ActiveCfg = Debug|Any CPU
		{A90F5387-2D57-434B-A8EE-615B15340880}.Debug|Any CPU.Build.0 = Debug|Any CPU
		{A90F5387-2D57-434B-A8EE-615B15340880}.Release|Any CPU.ActiveCfg = Release|Any CPU
		{A90F5387-2D57-434B-A8EE-615B15340880}.Release|Any CPU.Build.0 = Release|Any CPU
	EndGlobalSection
	GlobalSection(SolutionProperties) = preSolution
		HideSolutionNode = FALSE
	EndGlobalSection
	GlobalSection(ExtensibilityGlobals) = postSolution
		SolutionGuid = {563468FC-6BB3-4BB6-BB44-5F598B046644}
	EndGlobalSection
EndGlobal
